
Microsoft Visual Studio Solution File, Format Version 12.00
# Visual Studio Version 17
VisualStudioVersion = 17.0.32014.148
MinimumVisualStudioVersion = 10.0.40219.1
Project("{FAE04EC0-301F-11D3-BF4B-00C04F79EFBC}") = "RDPLogViewer", "RDPLogViewer\RDPLogViewer.csproj", "{DE97F984-984E-40F8-BD30-6D26AC35798C}"
EndProject
Global
	GlobalSection(SolutionConfigurationPlatforms) = preSolution
		Debug|Any CPU = Debug|Any CPU
		Release|Any CPU = Release|Any CPU
	EndGlobalSection
	GlobalSection(ProjectConfigurationPlatforms) = postSolution
		{DE97F984-984E-40F8-BD30-6D26AC35798C}.Debug|Any CPU.ActiveCfg = Debug|Any CPU
		{DE97F984-984E-40F8-BD30-6D26AC35798C}.Debug|Any CPU.Build.0 = Debug|Any CPU
		{DE97F984-984E-40F8-BD30-6D26AC35798C}.Release|Any CPU.ActiveCfg = Release|Any CPU
		{DE97F984-984E-40F8-BD30-6D26AC35798C}.Release|Any CPU.Build.0 = Release|Any CPU
	EndGlobalSection
	GlobalSection(SolutionProperties) = preSolution
		HideSolutionNode = FALSE
	EndGlobalSection
	GlobalSection(ExtensibilityGlobals) = postSolution
		SolutionGuid = {1FF8F9F7-1201-4868-AB0A-899F8F84560C}
	EndGlobalSection
EndGlobal
